
Microsoft Visual Studio Solution File, Format Version 12.00
# Visual Studio Version 17
VisualStudioVersion = 17.4.33213.308
MinimumVisualStudioVersion = 10.0.40219.1
Project("{FAE04EC0-301F-11D3-BF4B-00C04F79EFBC}") = "HR_Homework", "HR_Homework.csproj", "{D22E40F4-C2C9-491A-A7BC-7411CCFC2FA2}"
EndProject
Global
	GlobalSection(SolutionConfigurationPlatforms) = preSolution
		Debug|Any CPU = Debug|Any CPU
		Release|Any CPU = Release|Any CPU
	EndGlobalSection
	GlobalSection(ProjectConfigurationPlatforms) = postSolution
		{D22E40F4-C2C9-491A-A7BC-7411CCFC2FA2}.Debug|Any CPU.ActiveCfg = Debug|Any CPU
		{D22E40F4-C2C9-491A-A7BC-7411CCFC2FA2}.Debug|Any CPU.Build.0 = Debug|Any CPU
		{D22E40F4-C2C9-491A-A7BC-7411CCFC2FA2}.Release|Any CPU.ActiveCfg = Release|Any CPU
		{D22E40F4-C2C9-491A-A7BC-7411CCFC2FA2}.Release|Any CPU.Build.0 = Release|Any CPU
	EndGlobalSection
	GlobalSection(SolutionProperties) = preSolution
		HideSolutionNode = FALSE
	EndGlobalSection
	GlobalSection(ExtensibilityGlobals) = postSolution
		SolutionGuid = {C7B341F0-FF4B-4012-B3FD-B8B8057E300B}
	EndGlobalSection
EndGlobal
