
Microsoft Visual Studio Solution File, Format Version 12.00
# Visual Studio Version 17
VisualStudioVersion = 17.4.33213.308
MinimumVisualStudioVersion = 10.0.40219.1
Project("{FAE04EC0-301F-11D3-BF4B-00C04F79EFBC}") = "C Sharp Demo", "C Sharp Demo.csproj", "{44ADE97F-8E66-47A1-8B68-FB298630D930}"
EndProject
Global
	GlobalSection(SolutionConfigurationPlatforms) = preSolution
		Debug|Any CPU = Debug|Any CPU
		Release|Any CPU = Release|Any CPU
	EndGlobalSection
	GlobalSection(ProjectConfigurationPlatforms) = postSolution
		{44ADE97F-8E66-47A1-8B68-FB298630D930}.Debug|Any CPU.ActiveCfg = Debug|Any CPU
		{44ADE97F-8E66-47A1-8B68-FB298630D930}.Debug|Any CPU.Build.0 = Debug|Any CPU
		{44ADE97F-8E66-47A1-8B68-FB298630D930}.Release|Any CPU.ActiveCfg = Release|Any CPU
		{44ADE97F-8E66-47A1-8B68-FB298630D930}.Release|Any CPU.Build.0 = Release|Any CPU
	EndGlobalSection
	GlobalSection(SolutionProperties) = preSolution
		HideSolutionNode = FALSE
	EndGlobalSection
	GlobalSection(ExtensibilityGlobals) = postSolution
		SolutionGuid = {B7BABD65-DF44-49FD-BBE3-D91D1034F018}
	EndGlobalSection
EndGlobal
